
Microsoft Visual Studio Solution File, Format Version 12.00
# Visual Studio Version 17
VisualStudioVersion = 17.3.32804.467
MinimumVisualStudioVersion = 10.0.40219.1
Project("{9A19103F-16F7-4668-BE54-9A1E7A4F7556}") = "ApiLayer", "ApiLayer\ApiLayer.csproj", "{18E06965-9430-4DC9-BE09-4B986BB65F37}"
EndProject
Project("{FAE04EC0-301F-11D3-BF4B-00C04F79EFBC}") = "BusinessLayer", "BusinessLayer\BusinessLayer.csproj", "{11D855F1-E5A7-434F-98BF-506719903923}"
EndProject
Project("{FAE04EC0-301F-11D3-BF4B-00C04F79EFBC}") = "RepoLayer", "RepoLayer\RepoLayer.csproj", "{D174CEFD-3A63-417E-9323-ABBE8F486A1B}"
EndProject
Project("{FAE04EC0-301F-11D3-BF4B-00C04F79EFBC}") = "ModelsLayer", "ModelsLayer\ModelsLayer.csproj", "{8F3596A6-D95B-4E92-9F7F-158E35AD2A9C}"
EndProject
Global
	GlobalSection(SolutionConfigurationPlatforms) = preSolution
		Debug|Any CPU = Debug|Any CPU
		Release|Any CPU = Release|Any CPU
	EndGlobalSection
	GlobalSection(ProjectConfigurationPlatforms) = postSolution
		{18E06965-9430-4DC9-BE09-4B986BB65F37}.Debug|Any CPU.ActiveCfg = Debug|Any CPU
		{18E06965-9430-4DC9-BE09-4B986BB65F37}.Debug|Any CPU.Build.0 = Debug|Any CPU
		{18E06965-9430-4DC9-BE09-4B986BB65F37}.Release|Any CPU.ActiveCfg = Release|Any CPU
		{18E06965-9430-4DC9-BE09-4B986BB65F37}.Release|Any CPU.Build.0 = Release|Any CPU
		{11D855F1-E5A7-434F-98BF-506719903923}.Debug|Any CPU.ActiveCfg = Debug|Any CPU
		{11D855F1-E5A7-434F-98BF-506719903923}.Debug|Any CPU.Build.0 = Debug|Any CPU
		{11D855F1-E5A7-434F-98BF-506719903923}.Release|Any CPU.ActiveCfg = Release|Any CPU
		{11D855F1-E5A7-434F-98BF-506719903923}.Release|Any CPU.Build.0 = Release|Any CPU
		{D174CEFD-3A63-417E-9323-ABBE8F486A1B}.Debug|Any CPU.ActiveCfg = Debug|Any CPU
		{D174CEFD-3A63-417E-9323-ABBE8F486A1B}.Debug|Any CPU.Build.0 = Debug|Any CPU
		{D174CEFD-3A63-417E-9323-ABBE8F486A1B}.Release|Any CPU.ActiveCfg = Release|Any CPU
		{D174CEFD-3A63-417E-9323-ABBE8F486A1B}.Release|Any CPU.Build.0 = Release|Any CPU
		{8F3596A6-D95B-4E92-9F7F-158E35AD2A9C}.Debug|Any CPU.ActiveCfg = Debug|Any CPU
		{8F3596A6-D95B-4E92-9F7F-158E35AD2A9C}.Debug|Any CPU.Build.0 = Debug|Any CPU
		{8F3596A6-D95B-4E92-9F7F-158E35AD2A9C}.Release|Any CPU.ActiveCfg = Release|Any CPU
		{8F3596A6-D95B-4E92-9F7F-158E35AD2A9C}.Release|Any CPU.Build.0 = Release|Any CPU
	EndGlobalSection
	GlobalSection(SolutionProperties) = preSolution
		HideSolutionNode = FALSE
	EndGlobalSection
	GlobalSection(ExtensibilityGlobals) = postSolution
		SolutionGuid = {B1FA7F23-FF26-4E34-8E76-1007AA67BAE3}
	EndGlobalSection
EndGlobal
